
Microsoft Visual Studio Solution File, Format Version 12.00
Project("{FAE04EC0-301F-11D3-BF4B-00C04F79EFBC}") = "TodoRwa", "TodoRwa\TodoRwa.csproj", "{E91C6303-7187-48B7-A65C-2F4FBE094614}"
EndProject
Project("{FAE04EC0-301F-11D3-BF4B-00C04F79EFBC}") = "SeedDatabase", "SeedDatabase\SeedDatabase.csproj", "{2C18AC4B-68BE-4E89-876A-A3A565BBB3EF}"
EndProject
Global
	GlobalSection(SolutionConfigurationPlatforms) = preSolution
		Debug|Any CPU = Debug|Any CPU
		Release|Any CPU = Release|Any CPU
	EndGlobalSection
	GlobalSection(ProjectConfigurationPlatforms) = postSolution
		{E91C6303-7187-48B7-A65C-2F4FBE094614}.Debug|Any CPU.ActiveCfg = Debug|Any CPU
		{E91C6303-7187-48B7-A65C-2F4FBE094614}.Debug|Any CPU.Build.0 = Debug|Any CPU
		{E91C6303-7187-48B7-A65C-2F4FBE094614}.Release|Any CPU.ActiveCfg = Release|Any CPU
		{E91C6303-7187-48B7-A65C-2F4FBE094614}.Release|Any CPU.Build.0 = Release|Any CPU
		{2C18AC4B-68BE-4E89-876A-A3A565BBB3EF}.Debug|Any CPU.ActiveCfg = Debug|Any CPU
		{2C18AC4B-68BE-4E89-876A-A3A565BBB3EF}.Debug|Any CPU.Build.0 = Debug|Any CPU
		{2C18AC4B-68BE-4E89-876A-A3A565BBB3EF}.Release|Any CPU.ActiveCfg = Release|Any CPU
		{2C18AC4B-68BE-4E89-876A-A3A565BBB3EF}.Release|Any CPU.Build.0 = Release|Any CPU
	EndGlobalSection
EndGlobal
